
Microsoft Visual Studio Solution File, Format Version 12.00
# Visual Studio 15
Project("{FAE04EC0-301F-11D3-BF4B-00C04F79EFBC}") = "Assembly-CSharp", "Assembly-CSharp.csproj", "{553745C0-F9DA-ED89-38C9-09E34A7D92CA}"
EndProject
Global
	GlobalSection(SolutionConfigurationPlatforms) = preSolution
		Debug|Any CPU = Debug|Any CPU
		Release|Any CPU = Release|Any CPU
	EndGlobalSection
	GlobalSection(ProjectConfigurationPlatforms) = postSolution
		{553745C0-F9DA-ED89-38C9-09E34A7D92CA}.Debug|Any CPU.ActiveCfg = Debug|Any CPU
		{553745C0-F9DA-ED89-38C9-09E34A7D92CA}.Debug|Any CPU.Build.0 = Debug|Any CPU
		{553745C0-F9DA-ED89-38C9-09E34A7D92CA}.Release|Any CPU.ActiveCfg = Release|Any CPU
		{553745C0-F9DA-ED89-38C9-09E34A7D92CA}.Release|Any CPU.Build.0 = Release|Any CPU
	EndGlobalSection
	GlobalSection(SolutionProperties) = preSolution
		HideSolutionNode = FALSE
	EndGlobalSection
EndGlobal
